
Microsoft Visual Studio Solution File, Format Version 12.00
# Visual Studio Version 17
VisualStudioVersion = 17.5.002.0
MinimumVisualStudioVersion = 10.0.40219.1
Project("{9A19103F-16F7-4668-BE54-9A1E7A4F7556}") = "GameOff2024teamof3", "GameOff2024teamof3.csproj", "{86ADD8F7-B7DA-453F-8C3B-1F142175DDE7}"
EndProject
Global
	GlobalSection(SolutionConfigurationPlatforms) = preSolution
		Debug|Any CPU = Debug|Any CPU
		Release|Any CPU = Release|Any CPU
	EndGlobalSection
	GlobalSection(ProjectConfigurationPlatforms) = postSolution
		{86ADD8F7-B7DA-453F-8C3B-1F142175DDE7}.Debug|Any CPU.ActiveCfg = Debug|Any CPU
		{86ADD8F7-B7DA-453F-8C3B-1F142175DDE7}.Debug|Any CPU.Build.0 = Debug|Any CPU
		{86ADD8F7-B7DA-453F-8C3B-1F142175DDE7}.Release|Any CPU.ActiveCfg = Release|Any CPU
		{86ADD8F7-B7DA-453F-8C3B-1F142175DDE7}.Release|Any CPU.Build.0 = Release|Any CPU
	EndGlobalSection
	GlobalSection(SolutionProperties) = preSolution
		HideSolutionNode = FALSE
	EndGlobalSection
	GlobalSection(ExtensibilityGlobals) = postSolution
		SolutionGuid = {F76408B5-13C7-41FC-9FC8-76D6ACA27609}
	EndGlobalSection
EndGlobal
